// !$*UTF8*$!
{
	archiveVersion = 1;
	classes = {
	};
	objectVersion = 46;
	objects = {

/* Begin PBXBuildFile section */
		1319B7BB1E3B91F600F36F34 /* YGFile.m in Sources */ = {isa = PBXBuildFile; fileRef = 1319B7BA1E3B91F600F36F34 /* YGFile.m */; };
		1319B7BE1E3BA2CC00F36F34 /* YGFileEnumerator.m in Sources */ = {isa = PBXBuildFile; fileRef = 1319B7BD1E3BA2CC00F36F34 /* YGFileEnumerator.m */; };
		1319B7C11E3BA87400F36F34 /* YGPerformance.m in Sources */ = {isa = PBXBuildFile; fileRef = 1319B7C01E3BA87400F36F34 /* YGPerformance.m */; };
		1319B7C21E3BADBC00F36F34 /* photoTimestamper in CopyFiles */ = {isa = PBXBuildFile; fileRef = 13741E641E3B8DB700336264 /* photoTimestamper */; };
		13741E681E3B8DB700336264 /* main.m in Sources */ = {isa = PBXBuildFile; fileRef = 13741E671E3B8DB700336264 /* main.m */; };
		13DDB41C1E407EFC003CA2DD /* YGFileTuple.m in Sources */ = {isa = PBXBuildFile; fileRef = 13DDB41B1E407EFC003CA2DD /* YGFileTuple.m */; };
/* End PBXBuildFile section */

/* Begin PBXCopyFilesBuildPhase section */
		13741E621E3B8DB700336264 /* CopyFiles */ = {
			isa = PBXCopyFilesBuildPhase;
			buildActionMask = 12;
			dstPath = /usr/local/bin;
			dstSubfolderSpec = 0;
			files = (
				1319B7C21E3BADBC00F36F34 /* photoTimestamper in CopyFiles */,
			);
			runOnlyForDeploymentPostprocessing = 0;
		};
/* End PBXCopyFilesBuildPhase section */

/* Begin PBXFileReference section */
		1319B7B91E3B91F600F36F34 /* YGFile.h */ = {isa = PBXFileReference; fileEncoding = 4; lastKnownFileType = sourcecode.c.h; path = YGFile.h; sourceTree = "<group>"; };
		1319B7BA1E3B91F600F36F34 /* YGFile.m */ = {isa = PBXFileReference; fileEncoding = 4; lastKnownFileType = sourcecode.c.objc; path = YGFile.m; sourceTree = "<group>"; };
		1319B7BC1E3BA2CC00F36F34 /* YGFileEnumerator.h */ = {isa = PBXFileReference; fileEncoding = 4; lastKnownFileType = sourcecode.c.h; path = YGFileEnumerator.h; sourceTree = "<group>"; };
		1319B7BD1E3BA2CC00F36F34 /* YGFileEnumerator.m */ = {isa = PBXFileReference; fileEncoding = 4; lastKnownFileType = sourcecode.c.objc; path = YGFileEnumerator.m; sourceTree = "<group>"; };
		1319B7BF1E3BA87400F36F34 /* YGPerformance.h */ = {isa = PBXFileReference; fileEncoding = 4; lastKnownFileType = sourcecode.c.h; path = YGPerformance.h; sourceTree = "<group>"; };
		1319B7C01E3BA87400F36F34 /* YGPerformance.m */ = {isa = PBXFileReference; fileEncoding = 4; lastKnownFileType = sourcecode.c.objc; path = YGPerformance.m; sourceTree = "<group>"; };
		13741E641E3B8DB700336264 /* photoTimestamper */ = {isa = PBXFileReference; explicitFileType = "compiled.mach-o.executable"; includeInIndex = 0; path = photoTimestamper; sourceTree = BUILT_PRODUCTS_DIR; };
		13741E671E3B8DB700336264 /* main.m */ = {isa = PBXFileReference; lastKnownFileType = sourcecode.c.objc; path = main.m; sourceTree = "<group>"; };
		13B3E1BF1E3E68F100882DC9 /* globals.h */ = {isa = PBXFileReference; lastKnownFileType = sourcecode.c.h; path = globals.h; sourceTree = "<group>"; };
		13DDB41A1E407EFC003CA2DD /* YGFileTuple.h */ = {isa = PBXFileReference; fileEncoding = 4; lastKnownFileType = sourcecode.c.h; path = YGFileTuple.h; sourceTree = "<group>"; };
		13DDB41B1E407EFC003CA2DD /* YGFileTuple.m */ = {isa = PBXFileReference; fileEncoding = 4; lastKnownFileType = sourcecode.c.objc; path = YGFileTuple.m; sourceTree = "<group>"; };
/* End PBXFileReference section */

/* Begin PBXFrameworksBuildPhase section */
		13741E611E3B8DB700336264 /* Frameworks */ = {
			isa = PBXFrameworksBuildPhase;
			buildActionMask = 2147483647;
			files = (
			);
			runOnlyForDeploymentPostprocessing = 0;
		};
/* End PBXFrameworksBuildPhase section */

/* Begin PBXGroup section */
		13741E5B1E3B8DB700336264 = {
			isa = PBXGroup;
			children = (
				13741E661E3B8DB700336264 /* photoTimestamper */,
				13741E651E3B8DB700336264 /* Products */,
			);
			sourceTree = "<group>";
		};
		13741E651E3B8DB700336264 /* Products */ = {
			isa = PBXGroup;
			children = (
				13741E641E3B8DB700336264 /* photoTimestamper */,
			);
			name = Products;
			sourceTree = "<group>";
		};
		13741E661E3B8DB700336264 /* photoTimestamper */ = {
			isa = PBXGroup;
			children = (
				13741E671E3B8DB700336264 /* main.m */,
				13B3E1BF1E3E68F100882DC9 /* globals.h */,
				1319B7B91E3B91F600F36F34 /* YGFile.h */,
				1319B7BA1E3B91F600F36F34 /* YGFile.m */,
				13DDB41A1E407EFC003CA2DD /* YGFileTuple.h */,
				13DDB41B1E407EFC003CA2DD /* YGFileTuple.m */,
				1319B7BC1E3BA2CC00F36F34 /* YGFileEnumerator.h */,
				1319B7BD1E3BA2CC00F36F34 /* YGFileEnumerator.m */,
				1319B7BF1E3BA87400F36F34 /* YGPerformance.h */,
				1319B7C01E3BA87400F36F34 /* YGPerformance.m */,
			);
			path = photoTimestamper;
			sourceTree = "<group>";
		};
/* End PBXGroup section */

/* Begin PBXNativeTarget section */
		13741E631E3B8DB700336264 /* photoTimestamper */ = {
			isa = PBXNativeTarget;
			buildConfigurationList = 13741E6B1E3B8DB700336264 /* Build configuration list for PBXNativeTarget "photoTimestamper" */;
			buildPhases = (
				13741E601E3B8DB700336264 /* Sources */,
				13741E611E3B8DB700336264 /* Frameworks */,
				13741E621E3B8DB700336264 /* CopyFiles */,
			);
			buildRules = (
			);
			dependencies = (
			);
			name = photoTimestamper;
			productName = photoTimestamper;
			productReference = 13741E641E3B8DB700336264 /* photoTimestamper */;
			productType = "com.apple.product-type.tool";
		};
/* End PBXNativeTarget section */

/* Begin PBXProject section */
		13741E5C1E3B8DB700336264 /* Project object */ = {
			isa = PBXProject;
			attributes = {
				LastUpgradeCheck = 0820;
				ORGANIZATIONNAME = "Yan Gerasimuk";
				TargetAttributes = {
					13741E631E3B8DB700336264 = {
						CreatedOnToolsVersion = 8.2.1;
						DevelopmentTeam = EF64T58JW4;
						ProvisioningStyle = Automatic;
					};
				};
			};
			buildConfigurationList = 13741E5F1E3B8DB700336264 /* Build configuration list for PBXProject "photoTimestamper" */;
			compatibilityVersion = "Xcode 3.2";
			developmentRegion = English;
			hasScannedForEncodings = 0;
			knownRegions = (
				en,
			);
			mainGroup = 13741E5B1E3B8DB700336264;
			productRefGroup = 13741E651E3B8DB700336264 /* Products */;
			projectDirPath = "";
			projectRoot = "";
			targets = (
				13741E631E3B8DB700336264 /* photoTimestamper */,
			);
		};
/* End PBXProject section */

/* Begin PBXSourcesBuildPhase section */
		13741E601E3B8DB700336264 /* Sources */ = {
			isa = PBXSourcesBuildPhase;
			buildActionMask = 2147483647;
			files = (
				1319B7C11E3BA87400F36F34 /* YGPerformance.m in Sources */,
				1319B7BE1E3BA2CC00F36F34 /* YGFileEnumerator.m in Sources */,
				13DDB41C1E407EFC003CA2DD /* YGFileTuple.m in Sources */,
				13741E681E3B8DB700336264 /* main.m in Sources */,
				1319B7BB1E3B91F600F36F34 /* YGFile.m in Sources */,
			);
			runOnlyForDeploymentPostprocessing = 0;
		};
/* End PBXSourcesBuildPhase section */

/* Begin XCBuildConfiguration section */
		13741E691E3B8DB700336264 /* Debug */ = {
			isa = XCBuildConfiguration;
			buildSettings = {
				ALWAYS_SEARCH_USER_PATHS = NO;
				CLANG_ANALYZER_NONNULL = YES;
				CLANG_CXX_LANGUAGE_STANDARD = "gnu++0x";
				CLANG_CXX_LIBRARY = "libc++";
				CLANG_ENABLE_MODULES = YES;
				CLANG_ENABLE_OBJC_ARC = YES;
				CLANG_WARN_BOOL_CONVERSION = YES;
				CLANG_WARN_CONSTANT_CONVERSION = YES;
				CLANG_WARN_DIRECT_OBJC_ISA_USAGE = YES_ERROR;
				CLANG_WARN_DOCUMENTATION_COMMENTS = YES;
				CLANG_WARN_EMPTY_BODY = YES;
				CLANG_WARN_ENUM_CONVERSION = YES;
				CLANG_WARN_INFINITE_RECURSION = YES;
				CLANG_WARN_INT_CONVERSION = YES;
				CLANG_WARN_OBJC_ROOT_CLASS = YES_ERROR;
				CLANG_WARN_SUSPICIOUS_MOVE = YES;
				CLANG_WARN_UNREACHABLE_CODE = YES;
				CLANG_WARN__DUPLICATE_METHOD_MATCH = YES;
				CODE_SIGN_IDENTITY = "-";
				COPY_PHASE_STRIP = NO;
				DEBUG_INFORMATION_FORMAT = dwarf;
				ENABLE_STRICT_OBJC_MSGSEND = YES;
				ENABLE_TESTABILITY = YES;
				GCC_C_LANGUAGE_STANDARD = gnu99;
				GCC_DYNAMIC_NO_PIC = NO;
				GCC_NO_COMMON_BLOCKS = YES;
				GCC_OPTIMIZATION_LEVEL = 0;
				GCC_PREPROCESSOR_DEFINITIONS = (
					"DEBUG=1",
					"$(inherited)",
				);
				GCC_WARN_64_TO_32_BIT_CONVERSION = YES;
				GCC_WARN_ABOUT_RETURN_TYPE = YES_ERROR;
				GCC_WARN_UNDECLARED_SELECTOR = YES;
				GCC_WARN_UNINITIALIZED_AUTOS = YES_AGGRESSIVE;
				GCC_WARN_UNUSED_FUNCTION = YES;
				GCC_WARN_UNUSED_VARIABLE = YES;
				MACOSX_DEPLOYMENT_TARGET = 10.12;
				MTL_ENABLE_DEBUG_INFO = YES;
				ONLY_ACTIVE_ARCH = YES;
				SDKROOT = macosx;
			};
			name = Debug;
		};
		13741E6A1E3B8DB700336264 /* Release */ = {
			isa = XCBuildConfiguration;
			buildSettings = {
				ALWAYS_SEARCH_USER_PATHS = NO;
				CLANG_ANALYZER_NONNULL = YES;
				CLANG_CXX_LANGUAGE_STANDARD = "gnu++0x";
				CLANG_CXX_LIBRARY = "libc++";
				CLANG_ENABLE_MODULES = YES;
				CLANG_ENABLE_OBJC_ARC = YES;
				CLANG_WARN_BOOL_CONVERSION = YES;
				CLANG_WARN_CONSTANT_CONVERSION = YES;
				CLANG_WARN_DIRECT_OBJC_ISA_USAGE = YES_ERROR;
				CLANG_WARN_DOCUMENTATION_COMMENTS = YES;
				CLANG_WARN_EMPTY_BODY = YES;
				CLANG_WARN_ENUM_CONVERSION = YES;
				CLANG_WARN_INFINITE_RECURSION = YES;
				CLANG_WARN_INT_CONVERSION = YES;
				CLANG_WARN_OBJC_ROOT_CLASS = YES_ERROR;
				CLANG_WARN_SUSPICIOUS_MOVE = YES;
				CLANG_WARN_UNREACHABLE_CODE = YES;
				CLANG_WARN__DUPLICATE_METHOD_MATCH = YES;
				CODE_SIGN_IDENTITY = "-";
				COPY_PHASE_STRIP = NO;
				DEBUG_INFORMATION_FORMAT = "dwarf-with-dsym";
				ENABLE_NS_ASSERTIONS = NO;
				ENABLE_STRICT_OBJC_MSGSEND = YES;
				GCC_C_LANGUAGE_STANDARD = gnu99;
				GCC_NO_COMMON_BLOCKS = YES;
				GCC_WARN_64_TO_32_BIT_CONVERSION = YES;
				GCC_WARN_ABOUT_RETURN_TYPE = YES_ERROR;
				GCC_WARN_UNDECLARED_SELECTOR = YES;
				GCC_WARN_UNINITIALIZED_AUTOS = YES_AGGRESSIVE;
				GCC_WARN_UNUSED_FUNCTION = YES;
				GCC_WARN_UNUSED_VARIABLE = YES;
				MACOSX_DEPLOYMENT_TARGET = 10.12;
				MTL_ENABLE_DEBUG_INFO = NO;
				SDKROOT = macosx;
			};
			name = Release;
		};
		13741E6C1E3B8DB700336264 /* Debug */ = {
			isa = XCBuildConfiguration;
			buildSettings = {
				DEVELOPMENT_TEAM = EF64T58JW4;
				PRODUCT_NAME = "$(TARGET_NAME)";
			};
			name = Debug;
		};
		13741E6D1E3B8DB700336264 /* Release */ = {
			isa = XCBuildConfiguration;
			buildSettings = {
				DEVELOPMENT_TEAM = EF64T58JW4;
				PRODUCT_NAME = "$(TARGET_NAME)";
			};
			name = Release;
		};
/* End XCBuildConfiguration section */

/* Begin XCConfigurationList section */
		13741E5F1E3B8DB700336264 /* Build configuration list for PBXProject "photoTimestamper" */ = {
			isa = XCConfigurationList;
			buildConfigurations = (
				13741E691E3B8DB700336264 /* Debug */,
				13741E6A1E3B8DB700336264 /* Release */,
			);
			defaultConfigurationIsVisible = 0;
			defaultConfigurationName = Release;
		};
		13741E6B1E3B8DB700336264 /* Build configuration list for PBXNativeTarget "photoTimestamper" */ = {
			isa = XCConfigurationList;
			buildConfigurations = (
				13741E6C1E3B8DB700336264 /* Debug */,
				13741E6D1E3B8DB700336264 /* Release */,
			);
			defaultConfigurationIsVisible = 0;
			defaultConfigurationName = Release;
		};
/* End XCConfigurationList section */
	};
	rootObject = 13741E5C1E3B8DB700336264 /* Project object */;
}
